// !$*UTF8*$!
{
	archiveVersion = 1;
	classes = {
	};
	objectVersion = 55;
	objects = {

/* Begin PBXBuildFile section */
		91192EC327E8CA62000D0085 /* PasswordManagerViewModel.swift in Sources */ = {isa = PBXBuildFile; fileRef = 91192EC227E8CA62000D0085 /* PasswordManagerViewModel.swift */; };
		9121D4A527C8E50E0045BE43 /* EncryptionKey+String.swift in Sources */ = {isa = PBXBuildFile; fileRef = 9121D4A427C8E50E0045BE43 /* EncryptionKey+String.swift */; };
		9137B9F927AD0BF800972EEF /* RealmConfiguration.swift in Sources */ = {isa = PBXBuildFile; fileRef = 9137B9F827AD0BF800972EEF /* RealmConfiguration.swift */; };
		9137B9FB27AD0C7B00972EEF /* PasswordModel.swift in Sources */ = {isa = PBXBuildFile; fileRef = 9137B9FA27AD0C7B00972EEF /* PasswordModel.swift */; };
		9137B9FE27AD1D7500972EEF /* URL+inDocumentFolder.swift in Sources */ = {isa = PBXBuildFile; fileRef = 9137B9FD27AD1D7500972EEF /* URL+inDocumentFolder.swift */; };
		916AFEE92799A980008C73D8 /* PasswordManagerApp.swift in Sources */ = {isa = PBXBuildFile; fileRef = 916AFEE82799A980008C73D8 /* PasswordManagerApp.swift */; };
		916AFEEB2799A980008C73D8 /* PasswordCellView.swift in Sources */ = {isa = PBXBuildFile; fileRef = 916AFEEA2799A980008C73D8 /* PasswordCellView.swift */; };
		916AFEED2799A982008C73D8 /* Assets.xcassets in Resources */ = {isa = PBXBuildFile; fileRef = 916AFEEC2799A982008C73D8 /* Assets.xcassets */; };
		916AFEF02799A982008C73D8 /* Preview Assets.xcassets in Resources */ = {isa = PBXBuildFile; fileRef = 916AFEEF2799A982008C73D8 /* Preview Assets.xcassets */; };
		916AFEF82799B1E5008C73D8 /* RealmSwift in Frameworks */ = {isa = PBXBuildFile; productRef = 916AFEF72799B1E5008C73D8 /* RealmSwift */; };
		91ADD88727D1359E003854D8 /* SafeRealmViewModel.swift in Sources */ = {isa = PBXBuildFile; fileRef = 91ADD88627D1359E003854D8 /* SafeRealmViewModel.swift */; };
		91D656A427E46B660017290A /* BlackBorderTextfield+View.swift in Sources */ = {isa = PBXBuildFile; fileRef = 91D656A327E46B660017290A /* BlackBorderTextfield+View.swift */; };
		91E69D8F27CD1954001D386E /* AlertViewWithTextfield.swift in Sources */ = {isa = PBXBuildFile; fileRef = 91E69D8E27CD1954001D386E /* AlertViewWithTextfield.swift */; };
		91FE60D027A6884100CE424B /* PasswordManagerView.swift in Sources */ = {isa = PBXBuildFile; fileRef = 91FE60CF27A6884100CE424B /* PasswordManagerView.swift */; };
		91FE60D327A68AB200CE424B /* AddPasswordBtn.swift in Sources */ = {isa = PBXBuildFile; fileRef = 91FE60D227A68AB200CE424B /* AddPasswordBtn.swift */; };
		91FE60D527A68DFF00CE424B /* AddPasswordView.swift in Sources */ = {isa = PBXBuildFile; fileRef = 91FE60D427A68DFF00CE424B /* AddPasswordView.swift */; };
		91FE60D827A68FE900CE424B /* DismissViewBtn.swift in Sources */ = {isa = PBXBuildFile; fileRef = 91FE60D727A68FE900CE424B /* DismissViewBtn.swift */; };
/* End PBXBuildFile section */

/* Begin PBXFileReference section */
		91192EC227E8CA62000D0085 /* PasswordManagerViewModel.swift */ = {isa = PBXFileReference; lastKnownFileType = sourcecode.swift; path = PasswordManagerViewModel.swift; sourceTree = "<group>"; };
		9121D4A427C8E50E0045BE43 /* EncryptionKey+String.swift */ = {isa = PBXFileReference; lastKnownFileType = sourcecode.swift; path = "EncryptionKey+String.swift"; sourceTree = "<group>"; };
		9137B9F827AD0BF800972EEF /* RealmConfiguration.swift */ = {isa = PBXFileReference; lastKnownFileType = sourcecode.swift; path = RealmConfiguration.swift; sourceTree = "<group>"; };
		9137B9FA27AD0C7B00972EEF /* PasswordModel.swift */ = {isa = PBXFileReference; lastKnownFileType = sourcecode.swift; path = PasswordModel.swift; sourceTree = "<group>"; };
		9137B9FD27AD1D7500972EEF /* URL+inDocumentFolder.swift */ = {isa = PBXFileReference; lastKnownFileType = sourcecode.swift; path = "URL+inDocumentFolder.swift"; sourceTree = "<group>"; };
		916AFEE52799A980008C73D8 /* PasswordManager.app */ = {isa = PBXFileReference; explicitFileType = wrapper.application; includeInIndex = 0; path = PasswordManager.app; sourceTree = BUILT_PRODUCTS_DIR; };
		916AFEE82799A980008C73D8 /* PasswordManagerApp.swift */ = {isa = PBXFileReference; lastKnownFileType = sourcecode.swift; path = PasswordManagerApp.swift; sourceTree = "<group>"; };
		916AFEEA2799A980008C73D8 /* PasswordCellView.swift */ = {isa = PBXFileReference; lastKnownFileType = sourcecode.swift; path = PasswordCellView.swift; sourceTree = "<group>"; };
		916AFEEC2799A982008C73D8 /* Assets.xcassets */ = {isa = PBXFileReference; lastKnownFileType = folder.assetcatalog; path = Assets.xcassets; sourceTree = "<group>"; };
		916AFEEF2799A982008C73D8 /* Preview Assets.xcassets */ = {isa = PBXFileReference; lastKnownFileType = folder.assetcatalog; path = "Preview Assets.xcassets"; sourceTree = "<group>"; };
		91ADD88627D1359E003854D8 /* SafeRealmViewModel.swift */ = {isa = PBXFileReference; lastKnownFileType = sourcecode.swift; path = SafeRealmViewModel.swift; sourceTree = "<group>"; };
		91D656A327E46B660017290A /* BlackBorderTextfield+View.swift */ = {isa = PBXFileReference; lastKnownFileType = sourcecode.swift; path = "BlackBorderTextfield+View.swift"; sourceTree = "<group>"; };
		91E69D8E27CD1954001D386E /* AlertViewWithTextfield.swift */ = {isa = PBXFileReference; lastKnownFileType = sourcecode.swift; path = AlertViewWithTextfield.swift; sourceTree = "<group>"; };
		91FE60CF27A6884100CE424B /* PasswordManagerView.swift */ = {isa = PBXFileReference; lastKnownFileType = sourcecode.swift; path = PasswordManagerView.swift; sourceTree = "<group>"; };
		91FE60D227A68AB200CE424B /* AddPasswordBtn.swift */ = {isa = PBXFileReference; lastKnownFileType = sourcecode.swift; path = AddPasswordBtn.swift; sourceTree = "<group>"; };
		91FE60D427A68DFF00CE424B /* AddPasswordView.swift */ = {isa = PBXFileReference; lastKnownFileType = sourcecode.swift; path = AddPasswordView.swift; sourceTree = "<group>"; };
		91FE60D727A68FE900CE424B /* DismissViewBtn.swift */ = {isa = PBXFileReference; lastKnownFileType = sourcecode.swift; path = DismissViewBtn.swift; sourceTree = "<group>"; };
/* End PBXFileReference section */

/* Begin PBXFrameworksBuildPhase section */
		916AFEE22799A980008C73D8 /* Frameworks */ = {
			isa = PBXFrameworksBuildPhase;
			buildActionMask = 2147483647;
			files = (
				916AFEF82799B1E5008C73D8 /* RealmSwift in Frameworks */,
			);
			runOnlyForDeploymentPostprocessing = 0;
		};
/* End PBXFrameworksBuildPhase section */

/* Begin PBXGroup section */
		9137B9F727AD0BAD00972EEF /* Model */ = {
			isa = PBXGroup;
			children = (
				9137B9F827AD0BF800972EEF /* RealmConfiguration.swift */,
				9137B9FA27AD0C7B00972EEF /* PasswordModel.swift */,
			);
			path = Model;
			sourceTree = "<group>";
		};
		9137B9FC27AD1C4F00972EEF /* Extension */ = {
			isa = PBXGroup;
			children = (
				9137B9FD27AD1D7500972EEF /* URL+inDocumentFolder.swift */,
				9121D4A427C8E50E0045BE43 /* EncryptionKey+String.swift */,
				91D656A327E46B660017290A /* BlackBorderTextfield+View.swift */,
			);
			path = Extension;
			sourceTree = "<group>";
		};
		916AFEDC2799A980008C73D8 = {
			isa = PBXGroup;
			children = (
				916AFEE72799A980008C73D8 /* PasswordManager */,
				916AFEE62799A980008C73D8 /* Products */,
			);
			sourceTree = "<group>";
		};
		916AFEE62799A980008C73D8 /* Products */ = {
			isa = PBXGroup;
			children = (
				916AFEE52799A980008C73D8 /* PasswordManager.app */,
			);
			name = Products;
			sourceTree = "<group>";
		};
		916AFEE72799A980008C73D8 /* PasswordManager */ = {
			isa = PBXGroup;
			children = (
				9137B9FC27AD1C4F00972EEF /* Extension */,
				9137B9F727AD0BAD00972EEF /* Model */,
				91FE60D627A68F6D00CE424B /* Helper */,
				91FE60CE27A6880400CE424B /* View */,
				91ADD88527D13573003854D8 /* ViewModel */,
				91FE60CF27A6884100CE424B /* PasswordManagerView.swift */,
				916AFEE82799A980008C73D8 /* PasswordManagerApp.swift */,
				916AFEEC2799A982008C73D8 /* Assets.xcassets */,
				916AFEEE2799A982008C73D8 /* Preview Content */,
			);
			path = PasswordManager;
			sourceTree = "<group>";
		};
		916AFEEE2799A982008C73D8 /* Preview Content */ = {
			isa = PBXGroup;
			children = (
				916AFEEF2799A982008C73D8 /* Preview Assets.xcassets */,
			);
			path = "Preview Content";
			sourceTree = "<group>";
		};
		91ADD88527D13573003854D8 /* ViewModel */ = {
			isa = PBXGroup;
			children = (
				91ADD88627D1359E003854D8 /* SafeRealmViewModel.swift */,
				91192EC227E8CA62000D0085 /* PasswordManagerViewModel.swift */,
			);
			path = ViewModel;
			sourceTree = "<group>";
		};
		91FE60CE27A6880400CE424B /* View */ = {
			isa = PBXGroup;
			children = (
				91FE60D227A68AB200CE424B /* AddPasswordBtn.swift */,
				916AFEEA2799A980008C73D8 /* PasswordCellView.swift */,
				91FE60D427A68DFF00CE424B /* AddPasswordView.swift */,
				91E69D8E27CD1954001D386E /* AlertViewWithTextfield.swift */,
			);
			path = View;
			sourceTree = "<group>";
		};
		91FE60D627A68F6D00CE424B /* Helper */ = {
			isa = PBXGroup;
			children = (
				91FE60D727A68FE900CE424B /* DismissViewBtn.swift */,
			);
			path = Helper;
			sourceTree = "<group>";
		};
/* End PBXGroup section */

/* Begin PBXNativeTarget section */
		916AFEE42799A980008C73D8 /* PasswordManager */ = {
			isa = PBXNativeTarget;
			buildConfigurationList = 916AFEF32799A982008C73D8 /* Build configuration list for PBXNativeTarget "PasswordManager" */;
			buildPhases = (
				916AFEE12799A980008C73D8 /* Sources */,
				916AFEE22799A980008C73D8 /* Frameworks */,
				916AFEE32799A980008C73D8 /* Resources */,
			);
			buildRules = (
			);
			dependencies = (
			);
			name = PasswordManager;
			packageProductDependencies = (
				916AFEF72799B1E5008C73D8 /* RealmSwift */,
			);
			productName = PasswordManager;
			productReference = 916AFEE52799A980008C73D8 /* PasswordManager.app */;
			productType = "com.apple.product-type.application";
		};
/* End PBXNativeTarget section */

/* Begin PBXProject section */
		916AFEDD2799A980008C73D8 /* Project object */ = {
			isa = PBXProject;
			attributes = {
				BuildIndependentTargetsInParallel = 1;
				LastSwiftUpdateCheck = 1320;
				LastUpgradeCheck = 1320;
				TargetAttributes = {
					916AFEE42799A980008C73D8 = {
						CreatedOnToolsVersion = 13.2.1;
					};
				};
			};
			buildConfigurationList = 916AFEE02799A980008C73D8 /* Build configuration list for PBXProject "PasswordManager" */;
			compatibilityVersion = "Xcode 13.0";
			developmentRegion = en;
			hasScannedForEncodings = 0;
			knownRegions = (
				en,
				Base,
			);
			mainGroup = 916AFEDC2799A980008C73D8;
			packageReferences = (
				916AFEF62799B1E5008C73D8 /* XCRemoteSwiftPackageReference "realm-swift" */,
			);
			productRefGroup = 916AFEE62799A980008C73D8 /* Products */;
			projectDirPath = "";
			projectRoot = "";
			targets = (
				916AFEE42799A980008C73D8 /* PasswordManager */,
			);
		};
/* End PBXProject section */

/* Begin PBXResourcesBuildPhase section */
		916AFEE32799A980008C73D8 /* Resources */ = {
			isa = PBXResourcesBuildPhase;
			buildActionMask = 2147483647;
			files = (
				916AFEF02799A982008C73D8 /* Preview Assets.xcassets in Resources */,
				916AFEED2799A982008C73D8 /* Assets.xcassets in Resources */,
			);
			runOnlyForDeploymentPostprocessing = 0;
		};
/* End PBXResourcesBuildPhase section */

/* Begin PBXSourcesBuildPhase section */
		916AFEE12799A980008C73D8 /* Sources */ = {
			isa = PBXSourcesBuildPhase;
			buildActionMask = 2147483647;
			files = (
				91E69D8F27CD1954001D386E /* AlertViewWithTextfield.swift in Sources */,
				9137B9F927AD0BF800972EEF /* RealmConfiguration.swift in Sources */,
				91FE60D527A68DFF00CE424B /* AddPasswordView.swift in Sources */,
				91192EC327E8CA62000D0085 /* PasswordManagerViewModel.swift in Sources */,
				9137B9FE27AD1D7500972EEF /* URL+inDocumentFolder.swift in Sources */,
				9121D4A527C8E50E0045BE43 /* EncryptionKey+String.swift in Sources */,
				9137B9FB27AD0C7B00972EEF /* PasswordModel.swift in Sources */,
				91FE60D027A6884100CE424B /* PasswordManagerView.swift in Sources */,
				91ADD88727D1359E003854D8 /* SafeRealmViewModel.swift in Sources */,
				91D656A427E46B660017290A /* BlackBorderTextfield+View.swift in Sources */,
				916AFEEB2799A980008C73D8 /* PasswordCellView.swift in Sources */,
				916AFEE92799A980008C73D8 /* PasswordManagerApp.swift in Sources */,
				91FE60D327A68AB200CE424B /* AddPasswordBtn.swift in Sources */,
				91FE60D827A68FE900CE424B /* DismissViewBtn.swift in Sources */,
			);
			runOnlyForDeploymentPostprocessing = 0;
		};
/* End PBXSourcesBuildPhase section */

/* Begin XCBuildConfiguration section */
		916AFEF12799A982008C73D8 /* Debug */ = {
			isa = XCBuildConfiguration;
			buildSettings = {
				ALWAYS_SEARCH_USER_PATHS = NO;
				CLANG_ANALYZER_NONNULL = YES;
				CLANG_ANALYZER_NUMBER_OBJECT_CONVERSION = YES_AGGRESSIVE;
				CLANG_CXX_LANGUAGE_STANDARD = "gnu++17";
				CLANG_CXX_LIBRARY = "libc++";
				CLANG_ENABLE_MODULES = YES;
				CLANG_ENABLE_OBJC_ARC = YES;
				CLANG_ENABLE_OBJC_WEAK = YES;
				CLANG_WARN_BLOCK_CAPTURE_AUTORELEASING = YES;
				CLANG_WARN_BOOL_CONVERSION = YES;
				CLANG_WARN_COMMA = YES;
				CLANG_WARN_CONSTANT_CONVERSION = YES;
				CLANG_WARN_DEPRECATED_OBJC_IMPLEMENTATIONS = YES;
				CLANG_WARN_DIRECT_OBJC_ISA_USAGE = YES_ERROR;
				CLANG_WARN_DOCUMENTATION_COMMENTS = YES;
				CLANG_WARN_EMPTY_BODY = YES;
				CLANG_WARN_ENUM_CONVERSION = YES;
				CLANG_WARN_INFINITE_RECURSION = YES;
				CLANG_WARN_INT_CONVERSION = YES;
				CLANG_WARN_NON_LITERAL_NULL_CONVERSION = YES;
				CLANG_WARN_OBJC_IMPLICIT_RETAIN_SELF = YES;
				CLANG_WARN_OBJC_LITERAL_CONVERSION = YES;
				CLANG_WARN_OBJC_ROOT_CLASS = YES_ERROR;
				CLANG_WARN_QUOTED_INCLUDE_IN_FRAMEWORK_HEADER = YES;
				CLANG_WARN_RANGE_LOOP_ANALYSIS = YES;
				CLANG_WARN_STRICT_PROTOTYPES = YES;
				CLANG_WARN_SUSPICIOUS_MOVE = YES;
				CLANG_WARN_UNGUARDED_AVAILABILITY = YES_AGGRESSIVE;
				CLANG_WARN_UNREACHABLE_CODE = YES;
				CLANG_WARN__DUPLICATE_METHOD_MATCH = YES;
				COPY_PHASE_STRIP = NO;
				DEBUG_INFORMATION_FORMAT = dwarf;
				ENABLE_STRICT_OBJC_MSGSEND = YES;
				ENABLE_TESTABILITY = YES;
				GCC_C_LANGUAGE_STANDARD = gnu11;
				GCC_DYNAMIC_NO_PIC = NO;
				GCC_NO_COMMON_BLOCKS = YES;
				GCC_OPTIMIZATION_LEVEL = 0;
				GCC_PREPROCESSOR_DEFINITIONS = (
					"DEBUG=1",
					"$(inherited)",
				);
				GCC_WARN_64_TO_32_BIT_CONVERSION = YES;
				GCC_WARN_ABOUT_RETURN_TYPE = YES_ERROR;
				GCC_WARN_UNDECLARED_SELECTOR = YES;
				GCC_WARN_UNINITIALIZED_AUTOS = YES_AGGRESSIVE;
				GCC_WARN_UNUSED_FUNCTION = YES;
				GCC_WARN_UNUSED_VARIABLE = YES;
				IPHONEOS_DEPLOYMENT_TARGET = 15.2;
				MTL_ENABLE_DEBUG_INFO = INCLUDE_SOURCE;
				MTL_FAST_MATH = YES;
				ONLY_ACTIVE_ARCH = YES;
				SDKROOT = iphoneos;
				SWIFT_ACTIVE_COMPILATION_CONDITIONS = DEBUG;
				SWIFT_OPTIMIZATION_LEVEL = "-Onone";
			};
			name = Debug;
		};
		916AFEF22799A982008C73D8 /* Release */ = {
			isa = XCBuildConfiguration;
			buildSettings = {
				ALWAYS_SEARCH_USER_PATHS = NO;
				CLANG_ANALYZER_NONNULL = YES;
				CLANG_ANALYZER_NUMBER_OBJECT_CONVERSION = YES_AGGRESSIVE;
				CLANG_CXX_LANGUAGE_STANDARD = "gnu++17";
				CLANG_CXX_LIBRARY = "libc++";
				CLANG_ENABLE_MODULES = YES;
				CLANG_ENABLE_OBJC_ARC = YES;
				CLANG_ENABLE_OBJC_WEAK = YES;
				CLANG_WARN_BLOCK_CAPTURE_AUTORELEASING = YES;
				CLANG_WARN_BOOL_CONVERSION = YES;
				CLANG_WARN_COMMA = YES;
				CLANG_WARN_CONSTANT_CONVERSION = YES;
				CLANG_WARN_DEPRECATED_OBJC_IMPLEMENTATIONS = YES;
				CLANG_WARN_DIRECT_OBJC_ISA_USAGE = YES_ERROR;
				CLANG_WARN_DOCUMENTATION_COMMENTS = YES;
				CLANG_WARN_EMPTY_BODY = YES;
				CLANG_WARN_ENUM_CONVERSION = YES;
				CLANG_WARN_INFINITE_RECURSION = YES;
				CLANG_WARN_INT_CONVERSION = YES;
				CLANG_WARN_NON_LITERAL_NULL_CONVERSION = YES;
				CLANG_WARN_OBJC_IMPLICIT_RETAIN_SELF = YES;
				CLANG_WARN_OBJC_LITERAL_CONVERSION = YES;
				CLANG_WARN_OBJC_ROOT_CLASS = YES_ERROR;
				CLANG_WARN_QUOTED_INCLUDE_IN_FRAMEWORK_HEADER = YES;
				CLANG_WARN_RANGE_LOOP_ANALYSIS = YES;
				CLANG_WARN_STRICT_PROTOTYPES = YES;
				CLANG_WARN_SUSPICIOUS_MOVE = YES;
				CLANG_WARN_UNGUARDED_AVAILABILITY = YES_AGGRESSIVE;
				CLANG_WARN_UNREACHABLE_CODE = YES;
				CLANG_WARN__DUPLICATE_METHOD_MATCH = YES;
				COPY_PHASE_STRIP = NO;
				DEBUG_INFORMATION_FORMAT = "dwarf-with-dsym";
				ENABLE_NS_ASSERTIONS = NO;
				ENABLE_STRICT_OBJC_MSGSEND = YES;
				GCC_C_LANGUAGE_STANDARD = gnu11;
				GCC_NO_COMMON_BLOCKS = YES;
				GCC_WARN_64_TO_32_BIT_CONVERSION = YES;
				GCC_WARN_ABOUT_RETURN_TYPE = YES_ERROR;
				GCC_WARN_UNDECLARED_SELECTOR = YES;
				GCC_WARN_UNINITIALIZED_AUTOS = YES_AGGRESSIVE;
				GCC_WARN_UNUSED_FUNCTION = YES;
				GCC_WARN_UNUSED_VARIABLE = YES;
				IPHONEOS_DEPLOYMENT_TARGET = 15.2;
				MTL_ENABLE_DEBUG_INFO = NO;
				MTL_FAST_MATH = YES;
				SDKROOT = iphoneos;
				SWIFT_COMPILATION_MODE = wholemodule;
				SWIFT_OPTIMIZATION_LEVEL = "-O";
				VALIDATE_PRODUCT = YES;
			};
			name = Release;
		};
		916AFEF42799A982008C73D8 /* Debug */ = {
			isa = XCBuildConfiguration;
			buildSettings = {
				ASSETCATALOG_COMPILER_APPICON_NAME = AppIcon;
				ASSETCATALOG_COMPILER_GLOBAL_ACCENT_COLOR_NAME = AccentColor;
				CODE_SIGN_IDENTITY = "Apple Development";
				CODE_SIGN_STYLE = Automatic;
				CURRENT_PROJECT_VERSION = 1;
				DEVELOPMENT_ASSET_PATHS = "\"PasswordManager/Preview Content\"";
				DEVELOPMENT_TEAM = 5YDR2A7DL6;
				ENABLE_PREVIEWS = YES;
				GENERATE_INFOPLIST_FILE = YES;
				INFOPLIST_KEY_UIApplicationSceneManifest_Generation = YES;
				INFOPLIST_KEY_UIApplicationSupportsIndirectInputEvents = YES;
				INFOPLIST_KEY_UILaunchScreen_Generation = YES;
				INFOPLIST_KEY_UISupportedInterfaceOrientations_iPad = "UIInterfaceOrientationPortrait UIInterfaceOrientationPortraitUpsideDown UIInterfaceOrientationLandscapeLeft UIInterfaceOrientationLandscapeRight";
				INFOPLIST_KEY_UISupportedInterfaceOrientations_iPhone = "UIInterfaceOrientationPortrait UIInterfaceOrientationLandscapeLeft UIInterfaceOrientationLandscapeRight";
				INFOPLIST_KEY_UIUserInterfaceStyle = Light;
				LD_RUNPATH_SEARCH_PATHS = (
					"$(inherited)",
					"@executable_path/Frameworks",
				);
				MARKETING_VERSION = 1.0;
				PRODUCT_BUNDLE_IDENTIFIER = com.MehdiAbdi.PasswordManager;
				PRODUCT_NAME = "$(TARGET_NAME)";
				PROVISIONING_PROFILE_SPECIFIER = "";
				SWIFT_EMIT_LOC_STRINGS = YES;
				SWIFT_VERSION = 5.0;
				TARGETED_DEVICE_FAMILY = "1,2";
			};
			name = Debug;
		};
		916AFEF52799A982008C73D8 /* Release */ = {
			isa = XCBuildConfiguration;
			buildSettings = {
				ASSETCATALOG_COMPILER_APPICON_NAME = AppIcon;
				ASSETCATALOG_COMPILER_GLOBAL_ACCENT_COLOR_NAME = AccentColor;
				CODE_SIGN_IDENTITY = "Apple Development";
				CODE_SIGN_STYLE = Automatic;
				CURRENT_PROJECT_VERSION = 1;
				DEVELOPMENT_ASSET_PATHS = "\"PasswordManager/Preview Content\"";
				DEVELOPMENT_TEAM = 5YDR2A7DL6;
				ENABLE_PREVIEWS = YES;
				GENERATE_INFOPLIST_FILE = YES;
				INFOPLIST_KEY_UIApplicationSceneManifest_Generation = YES;
				INFOPLIST_KEY_UIApplicationSupportsIndirectInputEvents = YES;
				INFOPLIST_KEY_UILaunchScreen_Generation = YES;
				INFOPLIST_KEY_UISupportedInterfaceOrientations_iPad = "UIInterfaceOrientationPortrait UIInterfaceOrientationPortraitUpsideDown UIInterfaceOrientationLandscapeLeft UIInterfaceOrientationLandscapeRight";
				INFOPLIST_KEY_UISupportedInterfaceOrientations_iPhone = "UIInterfaceOrientationPortrait UIInterfaceOrientationLandscapeLeft UIInterfaceOrientationLandscapeRight";
				INFOPLIST_KEY_UIUserInterfaceStyle = Light;
				LD_RUNPATH_SEARCH_PATHS = (
					"$(inherited)",
					"@executable_path/Frameworks",
				);
				MARKETING_VERSION = 1.0;
				PRODUCT_BUNDLE_IDENTIFIER = com.MehdiAbdi.PasswordManager;
				PRODUCT_NAME = "$(TARGET_NAME)";
				PROVISIONING_PROFILE_SPECIFIER = "";
				SWIFT_EMIT_LOC_STRINGS = YES;
				SWIFT_VERSION = 5.0;
				TARGETED_DEVICE_FAMILY = "1,2";
			};
			name = Release;
		};
/* End XCBuildConfiguration section */

/* Begin XCConfigurationList section */
		916AFEE02799A980008C73D8 /* Build configuration list for PBXProject "PasswordManager" */ = {
			isa = XCConfigurationList;
			buildConfigurations = (
				916AFEF12799A982008C73D8 /* Debug */,
				916AFEF22799A982008C73D8 /* Release */,
			);
			defaultConfigurationIsVisible = 0;
			defaultConfigurationName = Release;
		};
		916AFEF32799A982008C73D8 /* Build configuration list for PBXNativeTarget "PasswordManager" */ = {
			isa = XCConfigurationList;
			buildConfigurations = (
				916AFEF42799A982008C73D8 /* Debug */,
				916AFEF52799A982008C73D8 /* Release */,
			);
			defaultConfigurationIsVisible = 0;
			defaultConfigurationName = Release;
		};
/* End XCConfigurationList section */

/* Begin XCRemoteSwiftPackageReference section */
		916AFEF62799B1E5008C73D8 /* XCRemoteSwiftPackageReference "realm-swift" */ = {
			isa = XCRemoteSwiftPackageReference;
			repositoryURL = "https://github.com/realm/realm-swift";
			requirement = {
				branch = master;
				kind = branch;
			};
		};
/* End XCRemoteSwiftPackageReference section */

/* Begin XCSwiftPackageProductDependency section */
		916AFEF72799B1E5008C73D8 /* RealmSwift */ = {
			isa = XCSwiftPackageProductDependency;
			package = 916AFEF62799B1E5008C73D8 /* XCRemoteSwiftPackageReference "realm-swift" */;
			productName = RealmSwift;
		};
/* End XCSwiftPackageProductDependency section */
	};
	rootObject = 916AFEDD2799A980008C73D8 /* Project object */;
}
